// !$*UTF8*$!
{
	archiveVersion = 1;
	classes = {
	};
	objectVersion = 46;
	objects = {

/* Begin PBXBuildFile section */
		FCC802221EEA81EE003E6C6B /* AppDelegate.swift in Sources */ = {isa = PBXBuildFile; fileRef = FCC802211EEA81EE003E6C6B /* AppDelegate.swift */; };
		FCC802241EEA81EE003E6C6B /* ViewController.swift in Sources */ = {isa = PBXBuildFile; fileRef = FCC802231EEA81EE003E6C6B /* ViewController.swift */; };
		FCC802271EEA81EE003E6C6B /* Main.storyboard in Resources */ = {isa = PBXBuildFile; fileRef = FCC802251EEA81EE003E6C6B /* Main.storyboard */; };
		FCC802291EEA81EE003E6C6B /* Assets.xcassets in Resources */ = {isa = PBXBuildFile; fileRef = FCC802281EEA81EE003E6C6B /* Assets.xcassets */; };
		FCC8022C1EEA81EE003E6C6B /* LaunchScreen.storyboard in Resources */ = {isa = PBXBuildFile; fileRef = FCC8022A1EEA81EE003E6C6B /* LaunchScreen.storyboard */; };
		FCC8024E1EEA83B9003E6C6B /* IAPKit.h in Headers */ = {isa = PBXBuildFile; fileRef = FCC8024C1EEA83B9003E6C6B /* IAPKit.h */; settings = {ATTRIBUTES = (Public, ); }; };
		FCC802511EEA83B9003E6C6B /* IAPKit.framework in Frameworks */ = {isa = PBXBuildFile; fileRef = FCC8024A1EEA83B9003E6C6B /* IAPKit.framework */; };
		FCC802521EEA83B9003E6C6B /* IAPKit.framework in Embed Frameworks */ = {isa = PBXBuildFile; fileRef = FCC8024A1EEA83B9003E6C6B /* IAPKit.framework */; settings = {ATTRIBUTES = (CodeSignOnCopy, RemoveHeadersOnCopy, ); }; };
		FCC802571EEA848E003E6C6B /* IAPManager.swift in Sources */ = {isa = PBXBuildFile; fileRef = FCC802561EEA848E003E6C6B /* IAPManager.swift */; };
/* End PBXBuildFile section */

/* Begin PBXContainerItemProxy section */
		FCC8024F1EEA83B9003E6C6B /* PBXContainerItemProxy */ = {
			isa = PBXContainerItemProxy;
			containerPortal = FCC802161EEA81EE003E6C6B /* Project object */;
			proxyType = 1;
			remoteGlobalIDString = FCC802491EEA83B9003E6C6B;
			remoteInfo = IAPKit;
		};
/* End PBXContainerItemProxy section */

/* Begin PBXCopyFilesBuildPhase section */
		FCC802441EEA838C003E6C6B /* Embed Frameworks */ = {
			isa = PBXCopyFilesBuildPhase;
			buildActionMask = 2147483647;
			dstPath = "";
			dstSubfolderSpec = 10;
			files = (
				FCC802521EEA83B9003E6C6B /* IAPKit.framework in Embed Frameworks */,
			);
			name = "Embed Frameworks";
			runOnlyForDeploymentPostprocessing = 0;
		};
/* End PBXCopyFilesBuildPhase section */

/* Begin PBXFileReference section */
		FCC8021E1EEA81EE003E6C6B /* IAPKitDemo.app */ = {isa = PBXFileReference; explicitFileType = wrapper.application; includeInIndex = 0; path = IAPKitDemo.app; sourceTree = BUILT_PRODUCTS_DIR; };
		FCC802211EEA81EE003E6C6B /* AppDelegate.swift */ = {isa = PBXFileReference; lastKnownFileType = sourcecode.swift; path = AppDelegate.swift; sourceTree = "<group>"; };
		FCC802231EEA81EE003E6C6B /* ViewController.swift */ = {isa = PBXFileReference; lastKnownFileType = sourcecode.swift; path = ViewController.swift; sourceTree = "<group>"; };
		FCC802261EEA81EE003E6C6B /* Base */ = {isa = PBXFileReference; lastKnownFileType = file.storyboard; name = Base; path = Base.lproj/Main.storyboard; sourceTree = "<group>"; };
		FCC802281EEA81EE003E6C6B /* Assets.xcassets */ = {isa = PBXFileReference; lastKnownFileType = folder.assetcatalog; path = Assets.xcassets; sourceTree = "<group>"; };
		FCC8022B1EEA81EE003E6C6B /* Base */ = {isa = PBXFileReference; lastKnownFileType = file.storyboard; name = Base; path = Base.lproj/LaunchScreen.storyboard; sourceTree = "<group>"; };
		FCC8022D1EEA81EE003E6C6B /* Info.plist */ = {isa = PBXFileReference; lastKnownFileType = text.plist.xml; path = Info.plist; sourceTree = "<group>"; };
		FCC8024A1EEA83B9003E6C6B /* IAPKit.framework */ = {isa = PBXFileReference; explicitFileType = wrapper.framework; includeInIndex = 0; path = IAPKit.framework; sourceTree = BUILT_PRODUCTS_DIR; };
		FCC8024C1EEA83B9003E6C6B /* IAPKit.h */ = {isa = PBXFileReference; lastKnownFileType = sourcecode.c.h; path = IAPKit.h; sourceTree = "<group>"; };
		FCC8024D1EEA83B9003E6C6B /* Info.plist */ = {isa = PBXFileReference; lastKnownFileType = text.plist.xml; path = Info.plist; sourceTree = "<group>"; };
		FCC802561EEA848E003E6C6B /* IAPManager.swift */ = {isa = PBXFileReference; fileEncoding = 4; lastKnownFileType = sourcecode.swift; path = IAPManager.swift; sourceTree = "<group>"; };
/* End PBXFileReference section */

/* Begin PBXFrameworksBuildPhase section */
		FCC8021B1EEA81EE003E6C6B /* Frameworks */ = {
			isa = PBXFrameworksBuildPhase;
			buildActionMask = 2147483647;
			files = (
				FCC802511EEA83B9003E6C6B /* IAPKit.framework in Frameworks */,
			);
			runOnlyForDeploymentPostprocessing = 0;
		};
		FCC802461EEA83B9003E6C6B /* Frameworks */ = {
			isa = PBXFrameworksBuildPhase;
			buildActionMask = 2147483647;
			files = (
			);
			runOnlyForDeploymentPostprocessing = 0;
		};
/* End PBXFrameworksBuildPhase section */

/* Begin PBXGroup section */
		FCC802151EEA81EE003E6C6B = {
			isa = PBXGroup;
			children = (
				FCC802201EEA81EE003E6C6B /* IAPKitDemo */,
				FCC8024B1EEA83B9003E6C6B /* IAPKit */,
				FCC8021F1EEA81EE003E6C6B /* Products */,
			);
			sourceTree = "<group>";
		};
		FCC8021F1EEA81EE003E6C6B /* Products */ = {
			isa = PBXGroup;
			children = (
				FCC8021E1EEA81EE003E6C6B /* IAPKitDemo.app */,
				FCC8024A1EEA83B9003E6C6B /* IAPKit.framework */,
			);
			name = Products;
			sourceTree = "<group>";
		};
		FCC802201EEA81EE003E6C6B /* IAPKitDemo */ = {
			isa = PBXGroup;
			children = (
				FCC802211EEA81EE003E6C6B /* AppDelegate.swift */,
				FCC802231EEA81EE003E6C6B /* ViewController.swift */,
				FCC802251EEA81EE003E6C6B /* Main.storyboard */,
				FCC802281EEA81EE003E6C6B /* Assets.xcassets */,
				FCC8022A1EEA81EE003E6C6B /* LaunchScreen.storyboard */,
				FCC8022D1EEA81EE003E6C6B /* Info.plist */,
			);
			path = IAPKitDemo;
			sourceTree = "<group>";
		};
		FCC8024B1EEA83B9003E6C6B /* IAPKit */ = {
			isa = PBXGroup;
			children = (
				FCC8024C1EEA83B9003E6C6B /* IAPKit.h */,
				FCC8024D1EEA83B9003E6C6B /* Info.plist */,
				FCC802561EEA848E003E6C6B /* IAPManager.swift */,
			);
			path = IAPKit;
			sourceTree = "<group>";
		};
/* End PBXGroup section */

/* Begin PBXHeadersBuildPhase section */
		FCC802471EEA83B9003E6C6B /* Headers */ = {
			isa = PBXHeadersBuildPhase;
			buildActionMask = 2147483647;
			files = (
				FCC8024E1EEA83B9003E6C6B /* IAPKit.h in Headers */,
			);
			runOnlyForDeploymentPostprocessing = 0;
		};
/* End PBXHeadersBuildPhase section */

/* Begin PBXNativeTarget section */
		FCC8021D1EEA81EE003E6C6B /* IAPKitDemo */ = {
			isa = PBXNativeTarget;
			buildConfigurationList = FCC802301EEA81EE003E6C6B /* Build configuration list for PBXNativeTarget "IAPKitDemo" */;
			buildPhases = (
				FCC8021A1EEA81EE003E6C6B /* Sources */,
				FCC8021B1EEA81EE003E6C6B /* Frameworks */,
				FCC8021C1EEA81EE003E6C6B /* Resources */,
				FCC802441EEA838C003E6C6B /* Embed Frameworks */,
			);
			buildRules = (
			);
			dependencies = (
				FCC802501EEA83B9003E6C6B /* PBXTargetDependency */,
			);
			name = IAPKitDemo;
			productName = IAPKitDemo;
			productReference = FCC8021E1EEA81EE003E6C6B /* IAPKitDemo.app */;
			productType = "com.apple.product-type.application";
		};
		FCC802491EEA83B9003E6C6B /* IAPKit */ = {
			isa = PBXNativeTarget;
			buildConfigurationList = FCC802531EEA83B9003E6C6B /* Build configuration list for PBXNativeTarget "IAPKit" */;
			buildPhases = (
				FCC802451EEA83B9003E6C6B /* Sources */,
				FCC802461EEA83B9003E6C6B /* Frameworks */,
				FCC802471EEA83B9003E6C6B /* Headers */,
				FCC802481EEA83B9003E6C6B /* Resources */,
			);
			buildRules = (
			);
			dependencies = (
			);
			name = IAPKit;
			productName = IAPKit;
			productReference = FCC8024A1EEA83B9003E6C6B /* IAPKit.framework */;
			productType = "com.apple.product-type.framework";
		};
/* End PBXNativeTarget section */

/* Begin PBXProject section */
		FCC802161EEA81EE003E6C6B /* Project object */ = {
			isa = PBXProject;
			attributes = {
				LastSwiftUpdateCheck = 0830;
				LastUpgradeCheck = 0830;
				ORGANIZATIONNAME = "zhang yinglong";
				TargetAttributes = {
					FCC8021D1EEA81EE003E6C6B = {
						CreatedOnToolsVersion = 8.3.3;
						DevelopmentTeam = 57NQC2SA65;
						ProvisioningStyle = Automatic;
					};
					FCC802491EEA83B9003E6C6B = {
						CreatedOnToolsVersion = 8.3.3;
						DevelopmentTeam = 57NQC2SA65;
						LastSwiftMigration = 0830;
						ProvisioningStyle = Automatic;
					};
				};
			};
			buildConfigurationList = FCC802191EEA81EE003E6C6B /* Build configuration list for PBXProject "IAPKitDemo" */;
			compatibilityVersion = "Xcode 3.2";
			developmentRegion = English;
			hasScannedForEncodings = 0;
			knownRegions = (
				en,
				Base,
			);
			mainGroup = FCC802151EEA81EE003E6C6B;
			productRefGroup = FCC8021F1EEA81EE003E6C6B /* Products */;
			projectDirPath = "";
			projectRoot = "";
			targets = (
				FCC8021D1EEA81EE003E6C6B /* IAPKitDemo */,
				FCC802491EEA83B9003E6C6B /* IAPKit */,
			);
		};
/* End PBXProject section */

/* Begin PBXResourcesBuildPhase section */
		FCC8021C1EEA81EE003E6C6B /* Resources */ = {
			isa = PBXResourcesBuildPhase;
			buildActionMask = 2147483647;
			files = (
				FCC8022C1EEA81EE003E6C6B /* LaunchScreen.storyboard in Resources */,
				FCC802291EEA81EE003E6C6B /* Assets.xcassets in Resources */,
				FCC802271EEA81EE003E6C6B /* Main.storyboard in Resources */,
			);
			runOnlyForDeploymentPostprocessing = 0;
		};
		FCC802481EEA83B9003E6C6B /* Resources */ = {
			isa = PBXResourcesBuildPhase;
			buildActionMask = 2147483647;
			files = (
			);
			runOnlyForDeploymentPostprocessing = 0;
		};
/* End PBXResourcesBuildPhase section */

/* Begin PBXSourcesBuildPhase section */
		FCC8021A1EEA81EE003E6C6B /* Sources */ = {
			isa = PBXSourcesBuildPhase;
			buildActionMask = 2147483647;
			files = (
				FCC802241EEA81EE003E6C6B /* ViewController.swift in Sources */,
				FCC802221EEA81EE003E6C6B /* AppDelegate.swift in Sources */,
			);
			runOnlyForDeploymentPostprocessing = 0;
		};
		FCC802451EEA83B9003E6C6B /* Sources */ = {
			isa = PBXSourcesBuildPhase;
			buildActionMask = 2147483647;
			files = (
				FCC802571EEA848E003E6C6B /* IAPManager.swift in Sources */,
			);
			runOnlyForDeploymentPostprocessing = 0;
		};
/* End PBXSourcesBuildPhase section */

/* Begin PBXTargetDependency section */
		FCC802501EEA83B9003E6C6B /* PBXTargetDependency */ = {
			isa = PBXTargetDependency;
			target = FCC802491EEA83B9003E6C6B /* IAPKit */;
			targetProxy = FCC8024F1EEA83B9003E6C6B /* PBXContainerItemProxy */;
		};
/* End PBXTargetDependency section */

/* Begin PBXVariantGroup section */
		FCC802251EEA81EE003E6C6B /* Main.storyboard */ = {
			isa = PBXVariantGroup;
			children = (
				FCC802261EEA81EE003E6C6B /* Base */,
			);
			name = Main.storyboard;
			sourceTree = "<group>";
		};
		FCC8022A1EEA81EE003E6C6B /* LaunchScreen.storyboard */ = {
			isa = PBXVariantGroup;
			children = (
				FCC8022B1EEA81EE003E6C6B /* Base */,
			);
			name = LaunchScreen.storyboard;
			sourceTree = "<group>";
		};
/* End PBXVariantGroup section */

/* Begin XCBuildConfiguration section */
		FCC8022E1EEA81EE003E6C6B /* Debug */ = {
			isa = XCBuildConfiguration;
			buildSettings = {
				ALWAYS_SEARCH_USER_PATHS = NO;
				CLANG_ANALYZER_NONNULL = YES;
				CLANG_ANALYZER_NUMBER_OBJECT_CONVERSION = YES_AGGRESSIVE;
				CLANG_CXX_LANGUAGE_STANDARD = "gnu++0x";
				CLANG_CXX_LIBRARY = "libc++";
				CLANG_ENABLE_MODULES = YES;
				CLANG_ENABLE_OBJC_ARC = YES;
				CLANG_WARN_BOOL_CONVERSION = YES;
				CLANG_WARN_CONSTANT_CONVERSION = YES;
				CLANG_WARN_DIRECT_OBJC_ISA_USAGE = YES_ERROR;
				CLANG_WARN_DOCUMENTATION_COMMENTS = YES;
				CLANG_WARN_EMPTY_BODY = YES;
				CLANG_WARN_ENUM_CONVERSION = YES;
				CLANG_WARN_INFINITE_RECURSION = YES;
				CLANG_WARN_INT_CONVERSION = YES;
				CLANG_WARN_OBJC_ROOT_CLASS = YES_ERROR;
				CLANG_WARN_SUSPICIOUS_MOVE = YES;
				CLANG_WARN_UNREACHABLE_CODE = YES;
				CLANG_WARN__DUPLICATE_METHOD_MATCH = YES;
				"CODE_SIGN_IDENTITY[sdk=iphoneos*]" = "iPhone Developer";
				COPY_PHASE_STRIP = NO;
				DEBUG_INFORMATION_FORMAT = dwarf;
				ENABLE_STRICT_OBJC_MSGSEND = YES;
				ENABLE_TESTABILITY = YES;
				GCC_C_LANGUAGE_STANDARD = gnu99;
				GCC_DYNAMIC_NO_PIC = NO;
				GCC_NO_COMMON_BLOCKS = YES;
				GCC_OPTIMIZATION_LEVEL = 0;
				GCC_PREPROCESSOR_DEFINITIONS = (
					"DEBUG=1",
					"$(inherited)",
				);
				GCC_WARN_64_TO_32_BIT_CONVERSION = YES;
				GCC_WARN_ABOUT_RETURN_TYPE = YES_ERROR;
				GCC_WARN_UNDECLARED_SELECTOR = YES;
				GCC_WARN_UNINITIALIZED_AUTOS = YES_AGGRESSIVE;
				GCC_WARN_UNUSED_FUNCTION = YES;
				GCC_WARN_UNUSED_VARIABLE = YES;
				IPHONEOS_DEPLOYMENT_TARGET = 10.3;
				MTL_ENABLE_DEBUG_INFO = YES;
				ONLY_ACTIVE_ARCH = YES;
				SDKROOT = iphoneos;
				SWIFT_ACTIVE_COMPILATION_CONDITIONS = DEBUG;
				SWIFT_OPTIMIZATION_LEVEL = "-Onone";
				TARGETED_DEVICE_FAMILY = "1,2";
			};
			name = Debug;
		};
		FCC8022F1EEA81EE003E6C6B /* Release */ = {
			isa = XCBuildConfiguration;
			buildSettings = {
				ALWAYS_SEARCH_USER_PATHS = NO;
				CLANG_ANALYZER_NONNULL = YES;
				CLANG_ANALYZER_NUMBER_OBJECT_CONVERSION = YES_AGGRESSIVE;
				CLANG_CXX_LANGUAGE_STANDARD = "gnu++0x";
				CLANG_CXX_LIBRARY = "libc++";
				CLANG_ENABLE_MODULES = YES;
				CLANG_ENABLE_OBJC_ARC = YES;
				CLANG_WARN_BOOL_CONVERSION = YES;
				CLANG_WARN_CONSTANT_CONVERSION = YES;
				CLANG_WARN_DIRECT_OBJC_ISA_USAGE = YES_ERROR;
				CLANG_WARN_DOCUMENTATION_COMMENTS = YES;
				CLANG_WARN_EMPTY_BODY = YES;
				CLANG_WARN_ENUM_CONVERSION = YES;
				CLANG_WARN_INFINITE_RECURSION = YES;
				CLANG_WARN_INT_CONVERSION = YES;
				CLANG_WARN_OBJC_ROOT_CLASS = YES_ERROR;
				CLANG_WARN_SUSPICIOUS_MOVE = YES;
				CLANG_WARN_UNREACHABLE_CODE = YES;
				CLANG_WARN__DUPLICATE_METHOD_MATCH = YES;
				"CODE_SIGN_IDENTITY[sdk=iphoneos*]" = "iPhone Developer";
				COPY_PHASE_STRIP = NO;
				DEBUG_INFORMATION_FORMAT = "dwarf-with-dsym";
				ENABLE_NS_ASSERTIONS = NO;
				ENABLE_STRICT_OBJC_MSGSEND = YES;
				GCC_C_LANGUAGE_STANDARD = gnu99;
				GCC_NO_COMMON_BLOCKS = YES;
				GCC_WARN_64_TO_32_BIT_CONVERSION = YES;
				GCC_WARN_ABOUT_RETURN_TYPE = YES_ERROR;
				GCC_WARN_UNDECLARED_SELECTOR = YES;
				GCC_WARN_UNINITIALIZED_AUTOS = YES_AGGRESSIVE;
				GCC_WARN_UNUSED_FUNCTION = YES;
				GCC_WARN_UNUSED_VARIABLE = YES;
				IPHONEOS_DEPLOYMENT_TARGET = 10.3;
				MTL_ENABLE_DEBUG_INFO = NO;
				SDKROOT = iphoneos;
				SWIFT_OPTIMIZATION_LEVEL = "-Owholemodule";
				TARGETED_DEVICE_FAMILY = "1,2";
				VALIDATE_PRODUCT = YES;
			};
			name = Release;
		};
		FCC802311EEA81EE003E6C6B /* Debug */ = {
			isa = XCBuildConfiguration;
			buildSettings = {
				ALWAYS_EMBED_SWIFT_STANDARD_LIBRARIES = YES;
				ASSETCATALOG_COMPILER_APPICON_NAME = AppIcon;
				DEVELOPMENT_TEAM = 57NQC2SA65;
				INFOPLIST_FILE = IAPKitDemo/Info.plist;
				LD_RUNPATH_SEARCH_PATHS = "$(inherited) @executable_path/Frameworks";
				PRODUCT_BUNDLE_IDENTIFIER = "Future-Entertainment-Co.Ltd..IAPKitDemo";
				PRODUCT_NAME = "$(TARGET_NAME)";
				SWIFT_VERSION = 3.0;
			};
			name = Debug;
		};
		FCC802321EEA81EE003E6C6B /* Release */ = {
			isa = XCBuildConfiguration;
			buildSettings = {
				ALWAYS_EMBED_SWIFT_STANDARD_LIBRARIES = YES;
				ASSETCATALOG_COMPILER_APPICON_NAME = AppIcon;
				DEVELOPMENT_TEAM = 57NQC2SA65;
				INFOPLIST_FILE = IAPKitDemo/Info.plist;
				LD_RUNPATH_SEARCH_PATHS = "$(inherited) @executable_path/Frameworks";
				PRODUCT_BUNDLE_IDENTIFIER = "Future-Entertainment-Co.Ltd..IAPKitDemo";
				PRODUCT_NAME = "$(TARGET_NAME)";
				SWIFT_VERSION = 3.0;
			};
			name = Release;
		};
		FCC802541EEA83B9003E6C6B /* Debug */ = {
			isa = XCBuildConfiguration;
			buildSettings = {
				CLANG_ENABLE_MODULES = YES;
				CODE_SIGN_IDENTITY = "";
				CURRENT_PROJECT_VERSION = 1;
				DEFINES_MODULE = YES;
				DEVELOPMENT_TEAM = 57NQC2SA65;
				DYLIB_COMPATIBILITY_VERSION = 1;
				DYLIB_CURRENT_VERSION = 1;
				DYLIB_INSTALL_NAME_BASE = "@rpath";
				INFOPLIST_FILE = IAPKit/Info.plist;
				INSTALL_PATH = "$(LOCAL_LIBRARY_DIR)/Frameworks";
				LD_RUNPATH_SEARCH_PATHS = "$(inherited) @executable_path/Frameworks @loader_path/Frameworks";
				PRODUCT_BUNDLE_IDENTIFIER = "Future-Entertainment-Co.Ltd..IAPKit";
				PRODUCT_NAME = "$(TARGET_NAME)";
				SKIP_INSTALL = YES;
				SWIFT_OPTIMIZATION_LEVEL = "-Onone";
				SWIFT_VERSION = 3.0;
				VERSIONING_SYSTEM = "apple-generic";
				VERSION_INFO_PREFIX = "";
			};
			name = Debug;
		};
		FCC802551EEA83B9003E6C6B /* Release */ = {
			isa = XCBuildConfiguration;
			buildSettings = {
				CLANG_ENABLE_MODULES = YES;
				CODE_SIGN_IDENTITY = "";
				CURRENT_PROJECT_VERSION = 1;
				DEFINES_MODULE = YES;
				DEVELOPMENT_TEAM = 57NQC2SA65;
				DYLIB_COMPATIBILITY_VERSION = 1;
				DYLIB_CURRENT_VERSION = 1;
				DYLIB_INSTALL_NAME_BASE = "@rpath";
				INFOPLIST_FILE = IAPKit/Info.plist;
				INSTALL_PATH = "$(LOCAL_LIBRARY_DIR)/Frameworks";
				LD_RUNPATH_SEARCH_PATHS = "$(inherited) @executable_path/Frameworks @loader_path/Frameworks";
				PRODUCT_BUNDLE_IDENTIFIER = "Future-Entertainment-Co.Ltd..IAPKit";
				PRODUCT_NAME = "$(TARGET_NAME)";
				SKIP_INSTALL = YES;
				SWIFT_VERSION = 3.0;
				VERSIONING_SYSTEM = "apple-generic";
				VERSION_INFO_PREFIX = "";
			};
			name = Release;
		};
/* End XCBuildConfiguration section */

/* Begin XCConfigurationList section */
		FCC802191EEA81EE003E6C6B /* Build configuration list for PBXProject "IAPKitDemo" */ = {
			isa = XCConfigurationList;
			buildConfigurations = (
				FCC8022E1EEA81EE003E6C6B /* Debug */,
				FCC8022F1EEA81EE003E6C6B /* Release */,
			);
			defaultConfigurationIsVisible = 0;
			defaultConfigurationName = Release;
		};
		FCC802301EEA81EE003E6C6B /* Build configuration list for PBXNativeTarget "IAPKitDemo" */ = {
			isa = XCConfigurationList;
			buildConfigurations = (
				FCC802311EEA81EE003E6C6B /* Debug */,
				FCC802321EEA81EE003E6C6B /* Release */,
			);
			defaultConfigurationIsVisible = 0;
			defaultConfigurationName = Release;
		};
		FCC802531EEA83B9003E6C6B /* Build configuration list for PBXNativeTarget "IAPKit" */ = {
			isa = XCConfigurationList;
			buildConfigurations = (
				FCC802541EEA83B9003E6C6B /* Debug */,
				FCC802551EEA83B9003E6C6B /* Release */,
			);
			defaultConfigurationIsVisible = 0;
		};
/* End XCConfigurationList section */
	};
	rootObject = FCC802161EEA81EE003E6C6B /* Project object */;
}
